# THIS IS AN AUTOGENERATED FILE. DO NOT EDIT THIS FILE DIRECTLY.
# yarn lockfile v1


jongseong@^0.4.2:
  version "0.4.2"
  resolved "https://registry.yarnpkg.com/jongseong/-/jongseong-0.4.2.tgz#5008c13332829257304c54641f550087d2f4caa9"
  integrity sha1-UAjBMzKCklcwTFRkH1UAh9L0yqk=

josa@^3.0.1:
  version "3.0.1"
  resolved "https://registry.yarnpkg.com/josa/-/josa-3.0.1.tgz#e1fa94fc7c78be1d81e965fec0ae43be0a1df352"
  integrity sha1-4fqU/Hx4vh2B6WX+wK5Dvgod81I=
  dependencies:
    jongseong "^0.4.2"
